schema: '2.0'
stages:
  prepare:
    cmd: echo "Verificando que los datos existen..."
    deps:
    - path: data/iris_dataset.csv
      hash: md5
      md5: 5dc4e5d2e36372794a46560d632b6516
      size: 2831
  train:
    cmd: python train.py --n_estimators 300
    deps:
    - path: data/iris_dataset.csv
      hash: md5
      md5: 5dc4e5d2e36372794a46560d632b6516
      size: 2831
    - path: requirements.txt
      hash: md5
      md5: 7c42b52f3acf0e9a6cef9eab93c9ac7c
      size: 90
    - path: train.py
      hash: md5
      md5: d7adf6065c5a46d56863e52a6ea6275a
      size: 3106
    params:
      params.yaml:
        train.n_estimators: 300
    outs:
    - path: confusion_matrix.png
      hash: md5
      md5: 748c6e26f1762dd06ad67d2beb3760f7
      size: 20724
    - path: mlflow_metrics.json
      hash: md5
      md5: c23a4b845cfcb729bc77225aaa6b5134
      size: 32
    - path: model.pkl
      hash: md5
      md5: 0bd0cf953a3d748e328765f4d1dbd994
      size: 523697
